// !$*UTF8*$!
{
	archiveVersion = 1;
	classes = {
	};
	objectVersion = 46;
	objects = {

/* Begin PBXBuildFile section */
		3B4AD70A1E785CD700E3D540 /* AppDelegate.swift in Sources */ = {isa = PBXBuildFile; fileRef = 3B4AD7091E785CD700E3D540 /* AppDelegate.swift */; };
		3B4AD70C1E785CD700E3D540 /* ViewController.swift in Sources */ = {isa = PBXBuildFile; fileRef = 3B4AD70B1E785CD700E3D540 /* ViewController.swift */; };
		3B4AD70F1E785CD700E3D540 /* Main.storyboard in Resources */ = {isa = PBXBuildFile; fileRef = 3B4AD70D1E785CD700E3D540 /* Main.storyboard */; };
		3B4AD7121E785CD700E3D540 /* VipPokemonGo.xcdatamodeld in Sources */ = {isa = PBXBuildFile; fileRef = 3B4AD7101E785CD700E3D540 /* VipPokemonGo.xcdatamodeld */; };
		3B4AD7141E785CD700E3D540 /* Assets.xcassets in Resources */ = {isa = PBXBuildFile; fileRef = 3B4AD7131E785CD700E3D540 /* Assets.xcassets */; };
		3B4AD7171E785CD700E3D540 /* LaunchScreen.storyboard in Resources */ = {isa = PBXBuildFile; fileRef = 3B4AD7151E785CD700E3D540 /* LaunchScreen.storyboard */; };
/* End PBXBuildFile section */

/* Begin PBXFileReference section */
		3B4AD7061E785CD700E3D540 /* VipPokemonGo.app */ = {isa = PBXFileReference; explicitFileType = wrapper.application; includeInIndex = 0; path = VipPokemonGo.app; sourceTree = BUILT_PRODUCTS_DIR; };
		3B4AD7091E785CD700E3D540 /* AppDelegate.swift */ = {isa = PBXFileReference; lastKnownFileType = sourcecode.swift; path = AppDelegate.swift; sourceTree = "<group>"; };
		3B4AD70B1E785CD700E3D540 /* ViewController.swift */ = {isa = PBXFileReference; lastKnownFileType = sourcecode.swift; path = ViewController.swift; sourceTree = "<group>"; };
		3B4AD70E1E785CD700E3D540 /* Base */ = {isa = PBXFileReference; lastKnownFileType = file.storyboard; name = Base; path = Base.lproj/Main.storyboard; sourceTree = "<group>"; };
		3B4AD7111E785CD700E3D540 /* VipPokemonGo.xcdatamodel */ = {isa = PBXFileReference; lastKnownFileType = wrapper.xcdatamodel; path = VipPokemonGo.xcdatamodel; sourceTree = "<group>"; };
		3B4AD7131E785CD700E3D540 /* Assets.xcassets */ = {isa = PBXFileReference; lastKnownFileType = folder.assetcatalog; path = Assets.xcassets; sourceTree = "<group>"; };
		3B4AD7161E785CD700E3D540 /* Base */ = {isa = PBXFileReference; lastKnownFileType = file.storyboard; name = Base; path = Base.lproj/LaunchScreen.storyboard; sourceTree = "<group>"; };
		3B4AD7181E785CD700E3D540 /* Info.plist */ = {isa = PBXFileReference; lastKnownFileType = text.plist.xml; path = Info.plist; sourceTree = "<group>"; };
/* End PBXFileReference section */

/* Begin PBXFrameworksBuildPhase section */
		3B4AD7031E785CD700E3D540 /* Frameworks */ = {
			isa = PBXFrameworksBuildPhase;
			buildActionMask = 2147483647;
			files = (
			);
			runOnlyForDeploymentPostprocessing = 0;
		};
/* End PBXFrameworksBuildPhase section */

/* Begin PBXGroup section */
		3B4AD6FD1E785CD700E3D540 = {
			isa = PBXGroup;
			children = (
				3B4AD7081E785CD700E3D540 /* VipPokemonGo */,
				3B4AD7071E785CD700E3D540 /* Products */,
			);
			sourceTree = "<group>";
		};
		3B4AD7071E785CD700E3D540 /* Products */ = {
			isa = PBXGroup;
			children = (
				3B4AD7061E785CD700E3D540 /* VipPokemonGo.app */,
			);
			name = Products;
			sourceTree = "<group>";
		};
		3B4AD7081E785CD700E3D540 /* VipPokemonGo */ = {
			isa = PBXGroup;
			children = (
				3B4AD7091E785CD700E3D540 /* AppDelegate.swift */,
				3B4AD70B1E785CD700E3D540 /* ViewController.swift */,
				3B4AD70D1E785CD700E3D540 /* Main.storyboard */,
				3B4AD7131E785CD700E3D540 /* Assets.xcassets */,
				3B4AD7151E785CD700E3D540 /* LaunchScreen.storyboard */,
				3B4AD7181E785CD700E3D540 /* Info.plist */,
				3B4AD7101E785CD700E3D540 /* VipPokemonGo.xcdatamodeld */,
			);
			path = VipPokemonGo;
			sourceTree = "<group>";
		};
/* End PBXGroup section */

/* Begin PBXNativeTarget section */
		3B4AD7051E785CD700E3D540 /* VipPokemonGo */ = {
			isa = PBXNativeTarget;
			buildConfigurationList = 3B4AD71B1E785CD700E3D540 /* Build configuration list for PBXNativeTarget "VipPokemonGo" */;
			buildPhases = (
				3B4AD7021E785CD700E3D540 /* Sources */,
				3B4AD7031E785CD700E3D540 /* Frameworks */,
				3B4AD7041E785CD700E3D540 /* Resources */,
			);
			buildRules = (
			);
			dependencies = (
			);
			name = VipPokemonGo;
			productName = VipPokemonGo;
			productReference = 3B4AD7061E785CD700E3D540 /* VipPokemonGo.app */;
			productType = "com.apple.product-type.application";
		};
/* End PBXNativeTarget section */

/* Begin PBXProject section */
		3B4AD6FE1E785CD700E3D540 /* Project object */ = {
			isa = PBXProject;
			attributes = {
				LastSwiftUpdateCheck = 0830;
				LastUpgradeCheck = 0830;
				ORGANIZATIONNAME = "Viplove bansal";
				TargetAttributes = {
					3B4AD7051E785CD700E3D540 = {
						CreatedOnToolsVersion = 8.3;
						ProvisioningStyle = Automatic;
					};
				};
			};
			buildConfigurationList = 3B4AD7011E785CD700E3D540 /* Build configuration list for PBXProject "VipPokemonGo" */;
			compatibilityVersion = "Xcode 3.2";
			developmentRegion = English;
			hasScannedForEncodings = 0;
			knownRegions = (
				en,
				Base,
			);
			mainGroup = 3B4AD6FD1E785CD700E3D540;
			productRefGroup = 3B4AD7071E785CD700E3D540 /* Products */;
			projectDirPath = "";
			projectRoot = "";
			targets = (
				3B4AD7051E785CD700E3D540 /* VipPokemonGo */,
			);
		};
/* End PBXProject section */

/* Begin PBXResourcesBuildPhase section */
		3B4AD7041E785CD700E3D540 /* Resources */ = {
			isa = PBXResourcesBuildPhase;
			buildActionMask = 2147483647;
			files = (
				3B4AD7171E785CD700E3D540 /* LaunchScreen.storyboard in Resources */,
				3B4AD7141E785CD700E3D540 /* Assets.xcassets in Resources */,
				3B4AD70F1E785CD700E3D540 /* Main.storyboard in Resources */,
			);
			runOnlyForDeploymentPostprocessing = 0;
		};
/* End PBXResourcesBuildPhase section */

/* Begin PBXSourcesBuildPhase section */
		3B4AD7021E785CD700E3D540 /* Sources */ = {
			isa = PBXSourcesBuildPhase;
			buildActionMask = 2147483647;
			files = (
				3B4AD70C1E785CD700E3D540 /* ViewController.swift in Sources */,
				3B4AD70A1E785CD700E3D540 /* AppDelegate.swift in Sources */,
				3B4AD7121E785CD700E3D540 /* VipPokemonGo.xcdatamodeld in Sources */,
			);
			runOnlyForDeploymentPostprocessing = 0;
		};
/* End PBXSourcesBuildPhase section */

/* Begin PBXVariantGroup section */
		3B4AD70D1E785CD700E3D540 /* Main.storyboard */ = {
			isa = PBXVariantGroup;
			children = (
				3B4AD70E1E785CD700E3D540 /* Base */,
			);
			name = Main.storyboard;
			sourceTree = "<group>";
		};
		3B4AD7151E785CD700E3D540 /* LaunchScreen.storyboard */ = {
			isa = PBXVariantGroup;
			children = (
				3B4AD7161E785CD700E3D540 /* Base */,
			);
			name = LaunchScreen.storyboard;
			sourceTree = "<group>";
		};
/* End PBXVariantGroup section */

/* Begin XCBuildConfiguration section */
		3B4AD7191E785CD700E3D540 /* Debug */ = {
			isa = XCBuildConfiguration;
			buildSettings = {
				ALWAYS_SEARCH_USER_PATHS = NO;
				CLANG_ANALYZER_NONNULL = YES;
				CLANG_ANALYZER_NUMBER_OBJECT_CONVERSION = YES_AGGRESSIVE;
				CLANG_CXX_LANGUAGE_STANDARD = "gnu++0x";
				CLANG_CXX_LIBRARY = "libc++";
				CLANG_ENABLE_MODULES = YES;
				CLANG_ENABLE_OBJC_ARC = YES;
				CLANG_WARN_BOOL_CONVERSION = YES;
				CLANG_WARN_CONSTANT_CONVERSION = YES;
				CLANG_WARN_DIRECT_OBJC_ISA_USAGE = YES_ERROR;
				CLANG_WARN_DOCUMENTATION_COMMENTS = YES;
				CLANG_WARN_EMPTY_BODY = YES;
				CLANG_WARN_ENUM_CONVERSION = YES;
				CLANG_WARN_INFINITE_RECURSION = YES;
				CLANG_WARN_INT_CONVERSION = YES;
				CLANG_WARN_OBJC_ROOT_CLASS = YES_ERROR;
				CLANG_WARN_SUSPICIOUS_MOVE = YES;
				CLANG_WARN_UNREACHABLE_CODE = YES;
				CLANG_WARN__DUPLICATE_METHOD_MATCH = YES;
				"CODE_SIGN_IDENTITY[sdk=iphoneos*]" = "iPhone Developer";
				COPY_PHASE_STRIP = NO;
				DEBUG_INFORMATION_FORMAT = dwarf;
				ENABLE_STRICT_OBJC_MSGSEND = YES;
				ENABLE_TESTABILITY = YES;
				GCC_C_LANGUAGE_STANDARD = gnu99;
				GCC_DYNAMIC_NO_PIC = NO;
				GCC_NO_COMMON_BLOCKS = YES;
				GCC_OPTIMIZATION_LEVEL = 0;
				GCC_PREPROCESSOR_DEFINITIONS = (
					"DEBUG=1",
					"$(inherited)",
				);
				GCC_WARN_64_TO_32_BIT_CONVERSION = YES;
				GCC_WARN_ABOUT_RETURN_TYPE = YES_ERROR;
				GCC_WARN_UNDECLARED_SELECTOR = YES;
				GCC_WARN_UNINITIALIZED_AUTOS = YES_AGGRESSIVE;
				GCC_WARN_UNUSED_FUNCTION = YES;
				GCC_WARN_UNUSED_VARIABLE = YES;
				IPHONEOS_DEPLOYMENT_TARGET = 10.3;
				MTL_ENABLE_DEBUG_INFO = YES;
				ONLY_ACTIVE_ARCH = YES;
				SDKROOT = iphoneos;
				SWIFT_ACTIVE_COMPILATION_CONDITIONS = DEBUG;
				SWIFT_OPTIMIZATION_LEVEL = "-Onone";
				TARGETED_DEVICE_FAMILY = "1,2";
			};
			name = Debug;
		};
		3B4AD71A1E785CD700E3D540 /* Release */ = {
			isa = XCBuildConfiguration;
			buildSettings = {
				ALWAYS_SEARCH_USER_PATHS = NO;
				CLANG_ANALYZER_NONNULL = YES;
				CLANG_ANALYZER_NUMBER_OBJECT_CONVERSION = YES_AGGRESSIVE;
				CLANG_CXX_LANGUAGE_STANDARD = "gnu++0x";
				CLANG_CXX_LIBRARY = "libc++";
				CLANG_ENABLE_MODULES = YES;
				CLANG_ENABLE_OBJC_ARC = YES;
				CLANG_WARN_BOOL_CONVERSION = YES;
				CLANG_WARN_CONSTANT_CONVERSION = YES;
				CLANG_WARN_DIRECT_OBJC_ISA_USAGE = YES_ERROR;
				CLANG_WARN_DOCUMENTATION_COMMENTS = YES;
				CLANG_WARN_EMPTY_BODY = YES;
				CLANG_WARN_ENUM_CONVERSION = YES;
				CLANG_WARN_INFINITE_RECURSION = YES;
				CLANG_WARN_INT_CONVERSION = YES;
				CLANG_WARN_OBJC_ROOT_CLASS = YES_ERROR;
				CLANG_WARN_SUSPICIOUS_MOVE = YES;
				CLANG_WARN_UNREACHABLE_CODE = YES;
				CLANG_WARN__DUPLICATE_METHOD_MATCH = YES;
				"CODE_SIGN_IDENTITY[sdk=iphoneos*]" = "iPhone Developer";
				COPY_PHASE_STRIP = NO;
				DEBUG_INFORMATION_FORMAT = "dwarf-with-dsym";
				ENABLE_NS_ASSERTIONS = NO;
				ENABLE_STRICT_OBJC_MSGSEND = YES;
				GCC_C_LANGUAGE_STANDARD = gnu99;
				GCC_NO_COMMON_BLOCKS = YES;
				GCC_WARN_64_TO_32_BIT_CONVERSION = YES;
				GCC_WARN_ABOUT_RETURN_TYPE = YES_ERROR;
				GCC_WARN_UNDECLARED_SELECTOR = YES;
				GCC_WARN_UNINITIALIZED_AUTOS = YES_AGGRESSIVE;
				GCC_WARN_UNUSED_FUNCTION = YES;
				GCC_WARN_UNUSED_VARIABLE = YES;
				IPHONEOS_DEPLOYMENT_TARGET = 10.3;
				MTL_ENABLE_DEBUG_INFO = NO;
				SDKROOT = iphoneos;
				SWIFT_OPTIMIZATION_LEVEL = "-Owholemodule";
				TARGETED_DEVICE_FAMILY = "1,2";
				VALIDATE_PRODUCT = YES;
			};
			name = Release;
		};
		3B4AD71C1E785CD700E3D540 /* Debug */ = {
			isa = XCBuildConfiguration;
			buildSettings = {
				ASSETCATALOG_COMPILER_APPICON_NAME = AppIcon;
				INFOPLIST_FILE = VipPokemonGo/Info.plist;
				LD_RUNPATH_SEARCH_PATHS = "$(inherited) @executable_path/Frameworks";
				PRODUCT_BUNDLE_IDENTIFIER = com.itsviplove.VipPokemonGo;
				PRODUCT_NAME = "$(TARGET_NAME)";
				SWIFT_VERSION = 3.0;
			};
			name = Debug;
		};
		3B4AD71D1E785CD700E3D540 /* Release */ = {
			isa = XCBuildConfiguration;
			buildSettings = {
				ASSETCATALOG_COMPILER_APPICON_NAME = AppIcon;
				INFOPLIST_FILE = VipPokemonGo/Info.plist;
				LD_RUNPATH_SEARCH_PATHS = "$(inherited) @executable_path/Frameworks";
				PRODUCT_BUNDLE_IDENTIFIER = com.itsviplove.VipPokemonGo;
				PRODUCT_NAME = "$(TARGET_NAME)";
				SWIFT_VERSION = 3.0;
			};
			name = Release;
		};
/* End XCBuildConfiguration section */

/* Begin XCConfigurationList section */
		3B4AD7011E785CD700E3D540 /* Build configuration list for PBXProject "VipPokemonGo" */ = {
			isa = XCConfigurationList;
			buildConfigurations = (
				3B4AD7191E785CD700E3D540 /* Debug */,
				3B4AD71A1E785CD700E3D540 /* Release */,
			);
			defaultConfigurationIsVisible = 0;
			defaultConfigurationName = Release;
		};
		3B4AD71B1E785CD700E3D540 /* Build configuration list for PBXNativeTarget "VipPokemonGo" */ = {
			isa = XCConfigurationList;
			buildConfigurations = (
				3B4AD71C1E785CD700E3D540 /* Debug */,
				3B4AD71D1E785CD700E3D540 /* Release */,
			);
			defaultConfigurationIsVisible = 0;
		};
/* End XCConfigurationList section */

/* Begin XCVersionGroup section */
		3B4AD7101E785CD700E3D540 /* VipPokemonGo.xcdatamodeld */ = {
			isa = XCVersionGroup;
			children = (
				3B4AD7111E785CD700E3D540 /* VipPokemonGo.xcdatamodel */,
			);
			currentVersion = 3B4AD7111E785CD700E3D540 /* VipPokemonGo.xcdatamodel */;
			path = VipPokemonGo.xcdatamodeld;
			sourceTree = "<group>";
			versionGroupType = wrapper.xcdatamodel;
		};
/* End XCVersionGroup section */
	};
	rootObject = 3B4AD6FE1E785CD700E3D540 /* Project object */;
}
